{
  "lockfileVersion": 1,
  "workspaces": {
    "": {
      "name": "frappe",
      "dependencies": {
        "@types/http-proxy": "^1.17.16",
        "http-proxy": "^1.18.1",
      },
      "devDependencies": {
        "@types/bun": "latest",
      },
      "peerDependencies": {
        "typescript": "^5",
      },
    },
  },
  "packages": {
    "@types/bun": ["@types/bun@1.2.9", "", { "dependencies": { "bun-types": "1.2.9" } }, "sha512-epShhLGQYc4Bv/aceHbmBhOz1XgUnuTZgcxjxk+WXwNyDXavv5QHD1QEFV0FwbTSQtNq6g4ZcV6y0vZakTjswg=="],

    "@types/http-proxy": ["@types/http-proxy@1.17.16", "", { "dependencies": { "@types/node": "*" } }, "sha512-sdWoUajOB1cd0A8cRRQ1cfyWNbmFKLAqBB89Y8x5iYyG/mkJHc0YUH8pdWBy2omi9qtCpiIgGjuwO0dQST2l5w=="],

    "@types/node": ["@types/node@22.14.1", "", { "dependencies": { "undici-types": "~6.21.0" } }, "sha512-u0HuPQwe/dHrItgHHpmw3N2fYCR6x4ivMNbPHRkBVP4CvN+kiRrKHWk3i8tXiO/joPwXLMYvF9TTF0eqgHIuOw=="],

    "@types/ws": ["@types/ws@8.18.1", "", { "dependencies": { "@types/node": "*" } }, "sha512-ThVF6DCVhA8kUGy+aazFQ4kXQ7E1Ty7A3ypFOe0IcJV8O/M511G99AW24irKrW56Wt44yG9+ij8FaqoBGkuBXg=="],

    "bun-types": ["bun-types@1.2.9", "", { "dependencies": { "@types/node": "*", "@types/ws": "*" } }, "sha512-dk/kOEfQbajENN/D6FyiSgOKEuUi9PWfqKQJEgwKrCMWbjS/S6tEXp178mWvWAcUSYm9ArDlWHZKO3T/4cLXiw=="],

    "eventemitter3": ["eventemitter3@4.0.7", "", {}, "sha512-8guHBZCwKnFhYdHr2ysuRWErTwhoN2X8XELRlrRwpmfeY2jjuUN4taQMsULKUVo1K4DvZl+0pgfyoysHxvmvEw=="],

    "follow-redirects": ["follow-redirects@1.15.9", "", {}, "sha512-gew4GsXizNgdoRyqmyfMHyAmXsZDk6mHkSxZFCzW9gwlbtOW44CDtYavM+y+72qD/Vq2l550kMF52DT8fOLJqQ=="],

    "http-proxy": ["http-proxy@1.18.1", "", { "dependencies": { "eventemitter3": "^4.0.0", "follow-redirects": "^1.0.0", "requires-port": "^1.0.0" } }, "sha512-7mz/721AbnJwIVbnaSv1Cz3Am0ZLT/UBwkC92VlxhXv/k/BBQfM2fXElQNC27BVGr0uwUpplYPQM9LnaBMR5NQ=="],

    "requires-port": ["requires-port@1.0.0", "", {}, "sha512-KigOCHcocU3XODJxsu8i/j8T9tzT4adHiecwORRQ0ZZFcp7ahwXuRU1m+yuO90C5ZUyGeGfocHDI14M3L3yDAQ=="],

    "typescript": ["typescript@5.8.3", "", { "bin": { "tsc": "bin/tsc", "tsserver": "bin/tsserver" } }, "sha512-p1diW6TqL9L07nNxvRMM7hMMw4c5XOo/1ibL4aAIGmSAt9slTE1Xgw5KWuof2uTOvCg9BY7ZRi+GaF+7sfgPeQ=="],

    "undici-types": ["undici-types@6.21.0", "", {}, "sha512-iwDZqg0QAGrg9Rav5H4n0M64c3mkR59cJ6wQp+7C4nI0gsmExaedaYLNO44eT4AtBBwjbTiGPMlt2Md0T9H9JQ=="],
  }
}
